
Microsoft Visual Studio Solution File, Format Version 12.00
# Visual Studio 2013
VisualStudioVersion = 12.0.21005.1
MinimumVisualStudioVersion = 10.0.40219.1
Project("{FAE04EC0-301F-11D3-BF4B-00C04F79EFBC}") = "TraSuaVl", "TraSuaVl\TraSuaVl.csproj", "{D09D1FFC-08B3-4D62-B84B-4B39F2DA55E8}"
EndProject
Project("{FAE04EC0-301F-11D3-BF4B-00C04F79EFBC}") = "TraSuaVl.Tests", "TraSuaVl.Tests\TraSuaVl.Tests.csproj", "{8325D599-75F1-4D4E-B0CD-EED382A2D645}"
EndProject
Global
	GlobalSection(SolutionConfigurationPlatforms) = preSolution
		Debug|Any CPU = Debug|Any CPU
		Release|Any CPU = Release|Any CPU
	EndGlobalSection
	GlobalSection(ProjectConfigurationPlatforms) = postSolution
		{D09D1FFC-08B3-4D62-B84B-4B39F2DA55E8}.Debug|Any CPU.ActiveCfg = Debug|Any CPU
		{D09D1FFC-08B3-4D62-B84B-4B39F2DA55E8}.Debug|Any CPU.Build.0 = Debug|Any CPU
		{D09D1FFC-08B3-4D62-B84B-4B39F2DA55E8}.Release|Any CPU.ActiveCfg = Release|Any CPU
		{D09D1FFC-08B3-4D62-B84B-4B39F2DA55E8}.Release|Any CPU.Build.0 = Release|Any CPU
		{8325D599-75F1-4D4E-B0CD-EED382A2D645}.Debug|Any CPU.ActiveCfg = Debug|Any CPU
		{8325D599-75F1-4D4E-B0CD-EED382A2D645}.Debug|Any CPU.Build.0 = Debug|Any CPU
		{8325D599-75F1-4D4E-B0CD-EED382A2D645}.Release|Any CPU.ActiveCfg = Release|Any CPU
		{8325D599-75F1-4D4E-B0CD-EED382A2D645}.Release|Any CPU.Build.0 = Release|Any CPU
	EndGlobalSection
	GlobalSection(SolutionProperties) = preSolution
		HideSolutionNode = FALSE
	EndGlobalSection
EndGlobal
